Microsoft Visual Studio Solution File, Format Version 12.00
Project("{2150E333-8FDC-42A3-9474-1A3956D46DE8}") = "test", "test", "{903ABD44-0ABA-458A-A2A8-6E2114661153}"
EndProject
Project("{2150E333-8FDC-42A3-9474-1A3956D46DE8}") = "src", "src", "{159800A0-47C2-4A48-927F-EB09CF9497AC}"
  ProjectSection(SolutionItems) = preProject
    src\Directory.Build.props = src\Directory.Build.props
  EndProjectSection
EndProject
Project("{FAE04EC0-301F-11D3-BF4B-00C04F79EFBC}") = "Binstate", "src\Binstate\Binstate.csproj", "{A127DD60-A615-4E6A-87AB-77CDD5C5A24C}"
EndProject
Project("{FAE04EC0-301F-11D3-BF4B-00C04F79EFBC}") = "Binstate.Tests", "test\Binstate.Tests\Binstate.Tests.csproj", "{1815BD5A-2FF1-4213-860D-021E24FC40B8}"
EndProject
Project("{2150E333-8FDC-42A3-9474-1A3956D46DE8}") = ".root", ".root", "{626A6723-733B-4454-9502-D887945FF625}"
  ProjectSection(SolutionItems) = preProject
    .editorconfig = .editorconfig
    .gitignore = .gitignore
    GitVersion.yml = GitVersion.yml
    LICENSE = LICENSE
    README.md = README.md
  EndProjectSection
EndProject
Global
  GlobalSection(SolutionConfigurationPlatforms) = preSolution
    Debug|Any CPU = Debug|Any CPU
    Release|Any CPU = Release|Any CPU
  EndGlobalSection
  GlobalSection(NestedProjects) = preSolution
    {A127DD60-A615-4E6A-87AB-77CDD5C5A24C} = {159800A0-47C2-4A48-927F-EB09CF9497AC}
    {1815BD5A-2FF1-4213-860D-021E24FC40B8} = {903ABD44-0ABA-458A-A2A8-6E2114661153}
  EndGlobalSection
  GlobalSection(ProjectConfigurationPlatforms) = postSolution
    {A127DD60-A615-4E6A-87AB-77CDD5C5A24C}.Debug|Any CPU.ActiveCfg = Debug|Any CPU
    {A127DD60-A615-4E6A-87AB-77CDD5C5A24C}.Debug|Any CPU.Build.0 = Debug|Any CPU
    {A127DD60-A615-4E6A-87AB-77CDD5C5A24C}.Release|Any CPU.ActiveCfg = Release|Any CPU
    {A127DD60-A615-4E6A-87AB-77CDD5C5A24C}.Release|Any CPU.Build.0 = Release|Any CPU
    {1815BD5A-2FF1-4213-860D-021E24FC40B8}.Debug|Any CPU.ActiveCfg = Debug|Any CPU
    {1815BD5A-2FF1-4213-860D-021E24FC40B8}.Debug|Any CPU.Build.0 = Debug|Any CPU
    {1815BD5A-2FF1-4213-860D-021E24FC40B8}.Release|Any CPU.ActiveCfg = Release|Any CPU
    {1815BD5A-2FF1-4213-860D-021E24FC40B8}.Release|Any CPU.Build.0 = Release|Any CPU
  EndGlobalSection
EndGlobal
