Microsoft Visual Studio Solution File, Format Version 12.00
Project("{2150E333-8FDC-42A3-9474-1A3956D46DE8}") = "tests", "tests", "{903ABD44-0ABA-458A-A2A8-6E2114661153}"
EndProject
Project("{2150E333-8FDC-42A3-9474-1A3956D46DE8}") = "src", "src", "{159800A0-47C2-4A48-927F-EB09CF9497AC}"
EndProject
Project("{FAE04EC0-301F-11D3-BF4B-00C04F79EFBC}") = "Binstate", "src\Binstate\Binstate.csproj", "{A127DD60-A615-4E6A-87AB-77CDD5C5A24C}"
EndProject
Project("{FAE04EC0-301F-11D3-BF4B-00C04F79EFBC}") = "Binstate.Tests", "tests\Binstate.Tests\Binstate.Tests.csproj", "{1815BD5A-2FF1-4213-860D-021E24FC40B8}"
EndProject
Project("{2150E333-8FDC-42A3-9474-1A3956D46DE8}") = "build", "build", "{F52DA9F2-4C72-4648-928C-1C53ECE9555D}"
ProjectSection(SolutionItems) = preProject
	build\binstate.public.snk = build\binstate.public.snk
	build\Documentation.md = build\Documentation.md
	build\icon.png = build\icon.png
	build\logo-big.png = build\logo-big.png
	GitVersion.yml = GitVersion.yml
EndProjectSection
EndProject
Project("{2150E333-8FDC-42A3-9474-1A3956D46DE8}") = ".github", ".github", "{846F7656-28AE-4222-A7B9-815ACC03E132}"
EndProject
Project("{2150E333-8FDC-42A3-9474-1A3956D46DE8}") = "workflows", "workflows", "{09AD0273-F2D8-4A2B-B38A-79221289A129}"
ProjectSection(SolutionItems) = preProject
	.github\workflows\build-and-test.yml = .github\workflows\build-and-test.yml
	.github\workflows\release-to-market.yml = .github\workflows\release-to-market.yml
EndProjectSection
EndProject
Project("{2150E333-8FDC-42A3-9474-1A3956D46DE8}") = "global", "global", "{A7E61CED-BE75-4828-9209-E8455B62005F}"
	ProjectSection(SolutionItems) = preProject
		.editorconfig = .editorconfig
		.gitignore = .gitignore
		Binstate.sln.DotSettings = Binstate.sln.DotSettings
		README.md = README.md
		nuget-readme.md = nuget-readme.md
	EndProjectSection
EndProject
Global
	GlobalSection(SolutionConfigurationPlatforms) = preSolution
		Debug|Any CPU = Debug|Any CPU
		Release|Any CPU = Release|Any CPU
	EndGlobalSection
	GlobalSection(NestedProjects) = preSolution
		{A127DD60-A615-4E6A-87AB-77CDD5C5A24C} = {159800A0-47C2-4A48-927F-EB09CF9497AC}
		{1815BD5A-2FF1-4213-860D-021E24FC40B8} = {903ABD44-0ABA-458A-A2A8-6E2114661153}
		{09AD0273-F2D8-4A2B-B38A-79221289A129} = {846F7656-28AE-4222-A7B9-815ACC03E132}
	EndGlobalSection
	GlobalSection(ProjectConfigurationPlatforms) = postSolution
		{A127DD60-A615-4E6A-87AB-77CDD5C5A24C}.Debug|Any CPU.ActiveCfg = Debug|Any CPU
		{A127DD60-A615-4E6A-87AB-77CDD5C5A24C}.Debug|Any CPU.Build.0 = Debug|Any CPU
		{A127DD60-A615-4E6A-87AB-77CDD5C5A24C}.Release|Any CPU.ActiveCfg = Release|Any CPU
		{A127DD60-A615-4E6A-87AB-77CDD5C5A24C}.Release|Any CPU.Build.0 = Release|Any CPU
		{1815BD5A-2FF1-4213-860D-021E24FC40B8}.Debug|Any CPU.ActiveCfg = Debug|Any CPU
		{1815BD5A-2FF1-4213-860D-021E24FC40B8}.Debug|Any CPU.Build.0 = Debug|Any CPU
		{1815BD5A-2FF1-4213-860D-021E24FC40B8}.Release|Any CPU.ActiveCfg = Release|Any CPU
		{1815BD5A-2FF1-4213-860D-021E24FC40B8}.Release|Any CPU.Build.0 = Release|Any CPU
	EndGlobalSection
EndGlobal
